{
    "version": 3,
    "terraform_version": "0.11.10",
    "serial": 11,
    "lineage": "9e95e3fc-5e66-73d5-a7f1-42e47a64d544",
    "modules": [
        {
            "path": [
                "root"
            ],
            "outputs": {},
            "resources": {
                "aws_iam_access_key.write_user": {
                    "type": "aws_iam_access_key",
                    "depends_on": [
                        "aws_iam_user.write_user"
                    ],
                    "primary": {
                        "id": "AKIAQ5SMNSDVB4NBRRNZ",
                        "attributes": {
                            "id": "AKIAQ5SMNSDVB4NBRRNZ",
                            "secret": "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",
                            "ses_smtp_password": "AtHXGxxwBMSQ7XTOfMsCBIwpDShViEp8NRTD4tMX9zE3",
                            "status": "Active",
                            "user": "dev-s3-write-user"
                        },
                        "meta": {},
                        "tainted": false
                    },
                    "deposed": [],
                    "provider": "provider.aws"
                },
                "aws_iam_user.write_user": {
                    "type": "aws_iam_user",
                    "depends_on": [],
                    "primary": {
                        "id": "dev-s3-write-user",
                        "attributes": {
                            "arn": "arn:aws:iam::063511040234:user/dev-s3-write-user",
                            "force_destroy": "true",
                            "id": "dev-s3-write-user",
                            "name": "dev-s3-write-user",
                            "path": "/",
                            "tags.%": "0",
                            "unique_id": "AIDAQ5SMNSDVOC4ADPAUY"
                        },
                        "meta": {},
                        "tainted": false
                    },
                    "deposed": [],
                    "provider": "provider.aws"
                },
                "aws_iam_user_policy.write_user_pol": {
                    "type": "aws_iam_user_policy",
                    "depends_on": [
                        "aws_iam_user.write_user"
                    ],
                    "primary": {
                        "id": "dev-s3-write-user:write",
                        "attributes": {
                            "id": "dev-s3-write-user:write",
                            "name": "write",
                            "policy": "{\n    \"Version\": \"2012-10-17\",\n    \"Statement\": [\n        {\n            \"Effect\": \"Allow\",\n            \"Action\": \"s3:*\",\n            \"Resource\": [\n                \"arn:aws:s3:::dev-oliveoilbucket\",\n                \"arn:aws:s3:::dev-oliveoilbucket/*\"\n            ]\n        }\n   ]\n}\n",
                            "user": "dev-s3-write-user"
                        },
                        "meta": {},
                        "tainted": false
                    },
                    "deposed": [],
                    "provider": "provider.aws"
                },
                "aws_instance.nginx1-olive": {
                    "type": "aws_instance",
                    "depends_on": [
                        "aws_iam_access_key.write_user",
                        "aws_s3_bucket.web_bucket",
                        "aws_security_group.nginx-sg1",
                        "aws_subnet.subnet1olive"
                    ],
                    "primary": {
                        "id": "i-00cd863ea083ba61c",
                        "attributes": {
                            "ami": "ami-7c1bfd1b",
                            "arn": "arn:aws:ec2:eu-west-2:063511040234:instance/i-00cd863ea083ba61c",
                            "associate_public_ip_address": "true",
                            "availability_zone": "eu-west-2a",
                            "cpu_core_count": "1",
                            "cpu_threads_per_core": "1",
                            "credit_specification.#": "1",
                            "credit_specification.0.cpu_credits": "standard",
                            "disable_api_termination": "false",
                            "ebs_block_device.#": "0",
                            "ebs_optimized": "false",
                            "ephemeral_block_device.#": "0",
                            "get_password_data": "false",
                            "iam_instance_profile": "",
                            "id": "i-00cd863ea083ba61c",
                            "instance_state": "running",
                            "instance_type": "t2.micro",
                            "ipv6_address_count": "0",
                            "ipv6_addresses.#": "0",
                            "key_name": "cheesekey",
                            "monitoring": "false",
                            "network_interface.#": "0",
                            "password_data": "",
                            "placement_group": "",
                            "primary_network_interface_id": "eni-0421a41fcbd48fc95",
                            "private_dns": "ip-10-1-0-105.eu-west-2.compute.internal",
                            "private_ip": "10.1.0.105",
                            "public_dns": "",
                            "public_ip": "18.130.198.164",
                            "root_block_device.#": "1",
                            "root_block_device.0.delete_on_termination": "true",
                            "root_block_device.0.iops": "100",
                            "root_block_device.0.volume_id": "vol-084659a02812982f9",
                            "root_block_device.0.volume_size": "10",
                            "root_block_device.0.volume_type": "gp2",
                            "security_groups.#": "0",
                            "source_dest_check": "true",
                            "subnet_id": "subnet-0d0ce2f96b37e3a43",
                            "tags.%": "3",
                            "tags.BillingCode": "ACCT8675309",
                            "tags.Environment": "dev",
                            "tags.Name": "dev-nginx1",
                            "tenancy": "default",
                            "volume_tags.%": "0",
                            "vpc_security_group_ids.#": "1",
                            "vpc_security_group_ids.2663962582": "sg-03c286c1264d27b4f"
                        },
                        "meta": {
                            "e2bfb730-ecaa-11e6-8f88-34363bc7c4c0": {
                                "create": 600000000000,
                                "delete": 1200000000000,
                                "update": 600000000000
                            },
                            "schema_version": "1"
                        },
                        "tainted": true
                    },
                    "deposed": [],
                    "provider": "provider.aws"
                },
                "aws_instance.nginx2-olive": {
                    "type": "aws_instance",
                    "depends_on": [
                        "aws_iam_access_key.write_user",
                        "aws_s3_bucket.web_bucket",
                        "aws_security_group.nginx-sg1",
                        "aws_subnet.subnet2olive"
                    ],
                    "primary": {
                        "id": "i-074fe223a01afbb2e",
                        "attributes": {
                            "ami": "ami-7c1bfd1b",
                            "arn": "arn:aws:ec2:eu-west-2:063511040234:instance/i-074fe223a01afbb2e",
                            "associate_public_ip_address": "true",
                            "availability_zone": "eu-west-2b",
                            "cpu_core_count": "1",
                            "cpu_threads_per_core": "1",
                            "credit_specification.#": "1",
                            "credit_specification.0.cpu_credits": "standard",
                            "disable_api_termination": "false",
                            "ebs_block_device.#": "0",
                            "ebs_optimized": "false",
                            "ephemeral_block_device.#": "0",
                            "get_password_data": "false",
                            "iam_instance_profile": "",
                            "id": "i-074fe223a01afbb2e",
                            "instance_state": "running",
                            "instance_type": "t2.micro",
                            "ipv6_address_count": "0",
                            "ipv6_addresses.#": "0",
                            "key_name": "cheesekey",
                            "monitoring": "false",
                            "network_interface.#": "0",
                            "password_data": "",
                            "placement_group": "",
                            "primary_network_interface_id": "eni-051e353cdd037f383",
                            "private_dns": "ip-10-1-1-150.eu-west-2.compute.internal",
                            "private_ip": "10.1.1.150",
                            "public_dns": "",
                            "public_ip": "18.130.43.22",
                            "root_block_device.#": "1",
                            "root_block_device.0.delete_on_termination": "true",
                            "root_block_device.0.iops": "100",
                            "root_block_device.0.volume_id": "vol-0ec768e343d9dc5c3",
                            "root_block_device.0.volume_size": "10",
                            "root_block_device.0.volume_type": "gp2",
                            "security_groups.#": "0",
                            "source_dest_check": "true",
                            "subnet_id": "subnet-0b10e4c859c0fc487",
                            "tags.%": "3",
                            "tags.BillingCode": "ACCT8675309",
                            "tags.Environment": "dev",
                            "tags.Name": "dev-nginx2",
                            "tenancy": "default",
                            "volume_tags.%": "0",
                            "vpc_security_group_ids.#": "1",
                            "vpc_security_group_ids.2663962582": "sg-03c286c1264d27b4f"
                        },
                        "meta": {
                            "e2bfb730-ecaa-11e6-8f88-34363bc7c4c0": {
                                "create": 600000000000,
                                "delete": 1200000000000,
                                "update": 600000000000
                            },
                            "schema_version": "1"
                        },
                        "tainted": true
                    },
                    "deposed": [],
                    "provider": "provider.aws"
                },
                "aws_internet_gateway.igw1": {
                    "type": "aws_internet_gateway",
                    "depends_on": [
                        "aws_vpc.vpc1"
                    ],
                    "primary": {
                        "id": "igw-0bde483c3d07562c0",
                        "attributes": {
                            "id": "igw-0bde483c3d07562c0",
                            "owner_id": "063511040234",
                            "tags.%": "3",
                            "tags.BillingCode": "ACCT8675309",
                            "tags.Environment": "dev",
                            "tags.Name": "dev-igw",
                            "vpc_id": "vpc-01be9dbb4a8adaefa"
                        },
                        "meta": {},
                        "tainted": false
                    },
                    "deposed": [],
                    "provider": "provider.aws"
                },
                "aws_route_table.rtb1": {
                    "type": "aws_route_table",
                    "depends_on": [
                        "aws_internet_gateway.igw1",
                        "aws_vpc.vpc1"
                    ],
                    "primary": {
                        "id": "rtb-0bc70bef34e29ab99",
                        "attributes": {
                            "id": "rtb-0bc70bef34e29ab99",
                            "owner_id": "063511040234",
                            "propagating_vgws.#": "0",
                            "route.#": "1",
                            "route.127569895.cidr_block": "0.0.0.0/0",
                            "route.127569895.egress_only_gateway_id": "",
                            "route.127569895.gateway_id": "igw-0bde483c3d07562c0",
                            "route.127569895.instance_id": "",
                            "route.127569895.ipv6_cidr_block": "",
                            "route.127569895.nat_gateway_id": "",
                            "route.127569895.network_interface_id": "",
                            "route.127569895.transit_gateway_id": "",
                            "route.127569895.vpc_peering_connection_id": "",
                            "tags.%": "3",
                            "tags.BillingCode": "ACCT8675309",
                            "tags.Environment": "dev",
                            "tags.Name": "dev-rtb",
                            "vpc_id": "vpc-01be9dbb4a8adaefa"
                        },
                        "meta": {},
                        "tainted": false
                    },
                    "deposed": [],
                    "provider": "provider.aws"
                },
                "aws_route_table_association.rta-subnet1": {
                    "type": "aws_route_table_association",
                    "depends_on": [
                        "aws_route_table.rtb1",
                        "aws_subnet.subnet1olive"
                    ],
                    "primary": {
                        "id": "rtbassoc-0b4640ceabd1bfd03",
                        "attributes": {
                            "id": "rtbassoc-0b4640ceabd1bfd03",
                            "route_table_id": "rtb-0bc70bef34e29ab99",
                            "subnet_id": "subnet-0d0ce2f96b37e3a43"
                        },
                        "meta": {},
                        "tainted": false
                    },
                    "deposed": [],
                    "provider": "provider.aws"
                },
                "aws_route_table_association.rta-subnet2": {
                    "type": "aws_route_table_association",
                    "depends_on": [
                        "aws_route_table.rtb1",
                        "aws_subnet.subnet2olive"
                    ],
                    "primary": {
                        "id": "rtbassoc-0e9fabe4b4c5dad59",
                        "attributes": {
                            "id": "rtbassoc-0e9fabe4b4c5dad59",
                            "route_table_id": "rtb-0bc70bef34e29ab99",
                            "subnet_id": "subnet-0b10e4c859c0fc487"
                        },
                        "meta": {},
                        "tainted": false
                    },
                    "deposed": [],
                    "provider": "provider.aws"
                },
                "aws_s3_bucket.web_bucket": {
                    "type": "aws_s3_bucket",
                    "depends_on": [
                        "aws_iam_user.write_user"
                    ],
                    "primary": {
                        "id": "dev-oliveoilbucket",
                        "attributes": {
                            "acceleration_status": "",
                            "acl": "private",
                            "arn": "arn:aws:s3:::dev-oliveoilbucket",
                            "bucket": "dev-oliveoilbucket",
                            "bucket_domain_name": "dev-oliveoilbucket.s3.amazonaws.com",
                            "bucket_regional_domain_name": "dev-oliveoilbucket.s3.eu-west-2.amazonaws.com",
                            "cors_rule.#": "0",
                            "force_destroy": "true",
                            "hosted_zone_id": "Z3GKZC51ZF0DB4",
                            "id": "dev-oliveoilbucket",
                            "lifecycle_rule.#": "0",
                            "logging.#": "0",
                            "object_lock_configuration.#": "0",
                            "policy": "{\"Statement\":[{\"Action\":\"s3:GetObject\",\"Effect\":\"Allow\",\"Principal\":{\"AWS\":\"*\"},\"Resource\":\"arn:aws:s3:::dev-oliveoilbucket/*\",\"Sid\":\"PublicReadForGetBucketObjects\"},{\"Action\":\"s3:*\",\"Effect\":\"Allow\",\"Principal\":{\"AWS\":\"arn:aws:iam::063511040234:user/dev-s3-write-user\"},\"Resource\":[\"arn:aws:s3:::dev-oliveoilbucket\",\"arn:aws:s3:::dev-oliveoilbucket/*\"],\"Sid\":\"\"}],\"Version\":\"2008-10-17\"}",
                            "region": "eu-west-2",
                            "replication_configuration.#": "0",
                            "request_payer": "BucketOwner",
                            "server_side_encryption_configuration.#": "0",
                            "tags.%": "3",
                            "tags.BillingCode": "ACCT8675309",
                            "tags.Environment": "dev",
                            "tags.Name": "dev-web_bucket",
                            "versioning.#": "1",
                            "versioning.0.enabled": "false",
                            "versioning.0.mfa_delete": "false",
                            "website.#": "0"
                        },
                        "meta": {},
                        "tainted": false
                    },
                    "deposed": [],
                    "provider": "provider.aws"
                },
                "aws_s3_bucket_object.graphic": {
                    "type": "aws_s3_bucket_object",
                    "depends_on": [
                        "aws_s3_bucket.web_bucket"
                    ],
                    "primary": {
                        "id": "/website/Globo_logo_Vert.png",
                        "attributes": {
                            "acl": "private",
                            "bucket": "dev-oliveoilbucket",
                            "cache_control": "",
                            "content_disposition": "",
                            "content_encoding": "",
                            "content_language": "",
                            "content_type": "binary/octet-stream",
                            "etag": "e687fb69f04d709058ec93b505e8c8ee",
                            "id": "/website/Globo_logo_Vert.png",
                            "key": "/website/Globo_logo_Vert.png",
                            "server_side_encryption": "",
                            "source": "./Globo_logo_Vert.png",
                            "storage_class": "STANDARD",
                            "tags.%": "0",
                            "version_id": "",
                            "website_redirect": ""
                        },
                        "meta": {},
                        "tainted": false
                    },
                    "deposed": [],
                    "provider": "provider.aws"
                },
                "aws_s3_bucket_object.website": {
                    "type": "aws_s3_bucket_object",
                    "depends_on": [
                        "aws_s3_bucket.web_bucket"
                    ],
                    "primary": {
                        "id": "/website/index.html",
                        "attributes": {
                            "acl": "private",
                            "bucket": "dev-oliveoilbucket",
                            "cache_control": "",
                            "content_disposition": "",
                            "content_encoding": "",
                            "content_language": "",
                            "content_type": "binary/octet-stream",
                            "etag": "8a05fe27b546d37e45793bc5c574ec09",
                            "id": "/website/index.html",
                            "key": "/website/index.html",
                            "server_side_encryption": "",
                            "source": "./index.html",
                            "storage_class": "STANDARD",
                            "tags.%": "0",
                            "version_id": "",
                            "website_redirect": ""
                        },
                        "meta": {},
                        "tainted": false
                    },
                    "deposed": [],
                    "provider": "provider.aws"
                },
                "aws_security_group.elb-sg1": {
                    "type": "aws_security_group",
                    "depends_on": [
                        "aws_vpc.vpc1"
                    ],
                    "primary": {
                        "id": "sg-033a28defe525f518",
                        "attributes": {
                            "arn": "arn:aws:ec2:eu-west-2:063511040234:security-group/sg-033a28defe525f518",
                            "description": "Managed by Terraform",
                            "egress.#": "1",
                            "egress.482069346.cidr_blocks.#": "1",
                            "egress.482069346.cidr_blocks.0": "0.0.0.0/0",
                            "egress.482069346.description": "",
                            "egress.482069346.from_port": "0",
                            "egress.482069346.ipv6_cidr_blocks.#": "0",
                            "egress.482069346.prefix_list_ids.#": "0",
                            "egress.482069346.protocol": "-1",
                            "egress.482069346.security_groups.#": "0",
                            "egress.482069346.self": "false",
                            "egress.482069346.to_port": "0",
                            "id": "sg-033a28defe525f518",
                            "ingress.#": "1",
                            "ingress.2214680975.cidr_blocks.#": "1",
                            "ingress.2214680975.cidr_blocks.0": "0.0.0.0/0",
                            "ingress.2214680975.description": "",
                            "ingress.2214680975.from_port": "80",
                            "ingress.2214680975.ipv6_cidr_blocks.#": "0",
                            "ingress.2214680975.prefix_list_ids.#": "0",
                            "ingress.2214680975.protocol": "tcp",
                            "ingress.2214680975.security_groups.#": "0",
                            "ingress.2214680975.self": "false",
                            "ingress.2214680975.to_port": "80",
                            "name": "nginx_elb_sg",
                            "owner_id": "063511040234",
                            "revoke_rules_on_delete": "false",
                            "tags.%": "3",
                            "tags.BillingCode": "ACCT8675309",
                            "tags.Environment": "dev",
                            "tags.Name": "dev-elb-sg1",
                            "vpc_id": "vpc-01be9dbb4a8adaefa"
                        },
                        "meta": {
                            "e2bfb730-ecaa-11e6-8f88-34363bc7c4c0": {
                                "create": 600000000000,
                                "delete": 600000000000
                            },
                            "schema_version": "1"
                        },
                        "tainted": false
                    },
                    "deposed": [],
                    "provider": "provider.aws"
                },
                "aws_security_group.nginx-sg1": {
                    "type": "aws_security_group",
                    "depends_on": [
                        "aws_vpc.vpc1"
                    ],
                    "primary": {
                        "id": "sg-03c286c1264d27b4f",
                        "attributes": {
                            "arn": "arn:aws:ec2:eu-west-2:063511040234:security-group/sg-03c286c1264d27b4f",
                            "description": "Managed by Terraform",
                            "egress.#": "1",
                            "egress.482069346.cidr_blocks.#": "1",
                            "egress.482069346.cidr_blocks.0": "0.0.0.0/0",
                            "egress.482069346.description": "",
                            "egress.482069346.from_port": "0",
                            "egress.482069346.ipv6_cidr_blocks.#": "0",
                            "egress.482069346.prefix_list_ids.#": "0",
                            "egress.482069346.protocol": "-1",
                            "egress.482069346.security_groups.#": "0",
                            "egress.482069346.self": "false",
                            "egress.482069346.to_port": "0",
                            "id": "sg-03c286c1264d27b4f",
                            "ingress.#": "2",
                            "ingress.2524386204.cidr_blocks.#": "1",
                            "ingress.2524386204.cidr_blocks.0": "10.1.0.0/16",
                            "ingress.2524386204.description": "",
                            "ingress.2524386204.from_port": "80",
                            "ingress.2524386204.ipv6_cidr_blocks.#": "0",
                            "ingress.2524386204.prefix_list_ids.#": "0",
                            "ingress.2524386204.protocol": "tcp",
                            "ingress.2524386204.security_groups.#": "0",
                            "ingress.2524386204.self": "false",
                            "ingress.2524386204.to_port": "80",
                            "ingress.2541437006.cidr_blocks.#": "1",
                            "ingress.2541437006.cidr_blocks.0": "0.0.0.0/0",
                            "ingress.2541437006.description": "",
                            "ingress.2541437006.from_port": "22",
                            "ingress.2541437006.ipv6_cidr_blocks.#": "0",
                            "ingress.2541437006.prefix_list_ids.#": "0",
                            "ingress.2541437006.protocol": "tcp",
                            "ingress.2541437006.security_groups.#": "0",
                            "ingress.2541437006.self": "false",
                            "ingress.2541437006.to_port": "22",
                            "name": "nginx_sg",
                            "owner_id": "063511040234",
                            "revoke_rules_on_delete": "false",
                            "tags.%": "3",
                            "tags.BillingCode": "ACCT8675309",
                            "tags.Environment": "dev",
                            "tags.Name": "dev-nginx-sg1",
                            "vpc_id": "vpc-01be9dbb4a8adaefa"
                        },
                        "meta": {
                            "e2bfb730-ecaa-11e6-8f88-34363bc7c4c0": {
                                "create": 600000000000,
                                "delete": 600000000000
                            },
                            "schema_version": "1"
                        },
                        "tainted": false
                    },
                    "deposed": [],
                    "provider": "provider.aws"
                },
                "aws_subnet.subnet1olive": {
                    "type": "aws_subnet",
                    "depends_on": [
                        "aws_vpc.vpc1",
                        "data.aws_availability_zones.available1"
                    ],
                    "primary": {
                        "id": "subnet-0d0ce2f96b37e3a43",
                        "attributes": {
                            "arn": "arn:aws:ec2:eu-west-2:063511040234:subnet/subnet-0d0ce2f96b37e3a43",
                            "assign_ipv6_address_on_creation": "false",
                            "availability_zone": "eu-west-2a",
                            "availability_zone_id": "euw2-az2",
                            "cidr_block": "10.1.0.0/24",
                            "id": "subnet-0d0ce2f96b37e3a43",
                            "ipv6_cidr_block": "",
                            "ipv6_cidr_block_association_id": "",
                            "map_public_ip_on_launch": "true",
                            "owner_id": "063511040234",
                            "tags.%": "3",
                            "tags.BillingCode": "ACCT8675309",
                            "tags.Environment": "dev",
                            "tags.Name": "dev-subnet1",
                            "vpc_id": "vpc-01be9dbb4a8adaefa"
                        },
                        "meta": {
                            "e2bfb730-ecaa-11e6-8f88-34363bc7c4c0": {
                                "create": 600000000000,
                                "delete": 600000000000
                            },
                            "schema_version": "1"
                        },
                        "tainted": false
                    },
                    "deposed": [],
                    "provider": "provider.aws"
                },
                "aws_subnet.subnet2olive": {
                    "type": "aws_subnet",
                    "depends_on": [
                        "aws_vpc.vpc1",
                        "data.aws_availability_zones.available1"
                    ],
                    "primary": {
                        "id": "subnet-0b10e4c859c0fc487",
                        "attributes": {
                            "arn": "arn:aws:ec2:eu-west-2:063511040234:subnet/subnet-0b10e4c859c0fc487",
                            "assign_ipv6_address_on_creation": "false",
                            "availability_zone": "eu-west-2b",
                            "availability_zone_id": "euw2-az3",
                            "cidr_block": "10.1.1.0/24",
                            "id": "subnet-0b10e4c859c0fc487",
                            "ipv6_cidr_block": "",
                            "ipv6_cidr_block_association_id": "",
                            "map_public_ip_on_launch": "true",
                            "owner_id": "063511040234",
                            "tags.%": "3",
                            "tags.BillingCode": "ACCT8675309",
                            "tags.Environment": "dev",
                            "tags.Name": "dev-subnet2",
                            "vpc_id": "vpc-01be9dbb4a8adaefa"
                        },
                        "meta": {
                            "e2bfb730-ecaa-11e6-8f88-34363bc7c4c0": {
                                "create": 600000000000,
                                "delete": 600000000000
                            },
                            "schema_version": "1"
                        },
                        "tainted": false
                    },
                    "deposed": [],
                    "provider": "provider.aws"
                },
                "aws_vpc.vpc1": {
                    "type": "aws_vpc",
                    "depends_on": [],
                    "primary": {
                        "id": "vpc-01be9dbb4a8adaefa",
                        "attributes": {
                            "arn": "arn:aws:ec2:eu-west-2:063511040234:vpc/vpc-01be9dbb4a8adaefa",
                            "assign_generated_ipv6_cidr_block": "false",
                            "cidr_block": "10.1.0.0/16",
                            "default_network_acl_id": "acl-08630259706112928",
                            "default_route_table_id": "rtb-09dea6c3c69f03c56",
                            "default_security_group_id": "sg-03561ccd87ce6d7d1",
                            "dhcp_options_id": "dopt-d8c36bb1",
                            "enable_dns_hostnames": "false",
                            "enable_dns_support": "true",
                            "id": "vpc-01be9dbb4a8adaefa",
                            "instance_tenancy": "default",
                            "ipv6_association_id": "",
                            "ipv6_cidr_block": "",
                            "main_route_table_id": "rtb-09dea6c3c69f03c56",
                            "owner_id": "063511040234",
                            "tags.%": "3",
                            "tags.BillingCode": "ACCT8675309",
                            "tags.Environment": "dev",
                            "tags.Name": "dev-vpc"
                        },
                        "meta": {
                            "schema_version": "1"
                        },
                        "tainted": false
                    },
                    "deposed": [],
                    "provider": "provider.aws"
                },
                "data.aws_availability_zones.available1": {
                    "type": "aws_availability_zones",
                    "depends_on": [],
                    "primary": {
                        "id": "2019-05-05 08:30:08.0969499 +0000 UTC",
                        "attributes": {
                            "id": "2019-05-05 08:30:08.0969499 +0000 UTC",
                            "names.#": "3",
                            "names.0": "eu-west-2a",
                            "names.1": "eu-west-2b",
                            "names.2": "eu-west-2c",
                            "zone_ids.#": "3",
                            "zone_ids.0": "euw2-az2",
                            "zone_ids.1": "euw2-az3",
                            "zone_ids.2": "euw2-az1"
                        },
                        "meta": {},
                        "tainted": false
                    },
                    "deposed": [],
                    "provider": "provider.aws"
                }
            },
            "depends_on": []
        }
    ]
}
